
Microsoft Visual Studio Solution File, Format Version 12.00
# Visual Studio 15
VisualStudioVersion = 15.0.26430.14
MinimumVisualStudioVersion = 10.0.40219.1
Project("{FAE04EC0-301F-11D3-BF4B-00C04F79EFBC}") = "TP2Zoo", "TP2Zoo\TP2Zoo.csproj", "{BACA0421-3FEE-4DAE-A4C0-6806DD144E0B}"
EndProject
Global
	GlobalSection(SolutionConfigurationPlatforms) = preSolution
		Debug|Any CPU = Debug|Any CPU
		Release|Any CPU = Release|Any CPU
	EndGlobalSection
	GlobalSection(ProjectConfigurationPlatforms) = postSolution
		{BACA0421-3FEE-4DAE-A4C0-6806DD144E0B}.Debug|Any CPU.ActiveCfg = Debug|Any CPU
		{BACA0421-3FEE-4DAE-A4C0-6806DD144E0B}.Debug|Any CPU.Build.0 = Debug|Any CPU
		{BACA0421-3FEE-4DAE-A4C0-6806DD144E0B}.Release|Any CPU.ActiveCfg = Release|Any CPU
		{BACA0421-3FEE-4DAE-A4C0-6806DD144E0B}.Release|Any CPU.Build.0 = Release|Any CPU
	EndGlobalSection
	GlobalSection(SolutionProperties) = preSolution
		HideSolutionNode = FALSE
	EndGlobalSection
EndGlobal
